%{"calliope": {:package, "0.2.5"},
  "cowboy": {:package, "1.0.0"},
  "cowlib": {:package, "1.0.0"},
  "decimal": {:package, "0.2.5"},
  "ecto": {:package, "0.2.5"},
  "erlydtl": {:git, "git://github.com/erlydtl/erlydtl.git", "6280d21a6d9bd5a8f6caf2530773b0e61471b4d0", [tag: "0.9.4"]},
  "eunit_formatters": {:git, "git://github.com/seancribbs/eunit_formatters", "7f79fa3fb953b94990bd9b41e92cef7cfecf91ef", [ref: "7f79fa3fb953b94990bd9b41e92cef7cfecf91ef"]},
  "excoveralls": {:git, "git://github.com/parroty/excoveralls.git", "5a239515d386670c918e5125494f115324e41b30", []},
  "hackney": {:git, "git://github.com/benoitc/hackney.git", "a83f57ff5bca1938201f110b06db4c08a78e9db6", []},
  "idna": {:git, "git://github.com/benoitc/erlang-idna.git", "5089240e653ce254273da9cff57952a60b1d2c51", [tag: "1.0.1"]},
  "jsex": {:package, "2.0.0"},
  "jsx": {:package, "2.0.4"},
  "merl": {:git, "git://github.com/erlydtl/merl.git", "28e5b3829168199e8475fa91b997e0c03b90d280", [ref: "28e5b3829168199e8475fa91b997e0c03b90d280"]},
  "plug": {:package, "0.7.0"},
  "poolboy": {:package, "1.2.1"},
  "postgrex": {:package, "0.6.0"},
  "ranch": {:package, "1.0.0"}}
