%{"calliope": {:git, "git://github.com/nurugger07/calliope.git", "16c779442b19c9901dd826b59cf5fdbb30c1f3fa", []},
  "cowboy": {:git, "git://github.com/extend/cowboy.git", "1ad3aae4d5459ee991805d16a3837e1da2ba96ff", []},
  "cowlib": {:git, "git://github.com/extend/cowlib.git", "f58340a0044856bb508df03cfe94cf79308380a2", [ref: "0.6.1"]},
  "decimal": {:package, "0.2.0"},
  "ecto": {:package, "0.1.0"},
  "erlydtl": {:git, "git://github.com/erlydtl/erlydtl.git", "6280d21a6d9bd5a8f6caf2530773b0e61471b4d0", [tag: "0.9.4"]},
  "eunit_formatters": {:git, "git://github.com/seancribbs/eunit_formatters", "7f79fa3fb953b94990bd9b41e92cef7cfecf91ef", [ref: "7f79fa3fb953b94990bd9b41e92cef7cfecf91ef"]},
  "ex_doc": {:git, "git://github.com/elixir-lang/ex_doc.git", "1fe2c5daee98de9b94a78eb5d71cb8dd8b469f85", []},
  "excoveralls": {:package, "0.2.0"},
  "exprintf": {:package, "0.1.0"},
  "hackney": {:git, "git://github.com/benoitc/hackney.git", "e18bdd2f68840c8fddd77875b06079087290e5cc", []},
  "hackney_lib": {:git, "https://github.com/benoitc/hackney_lib.git", "48a5a3fc64892c95e4e3efdd464f26ca5683d2f9", [tag: "0.3.0"]},
  "idna": {:git, "git://github.com/benoitc/erlang-idna.git", "21aa158b7f36bf2a000f12fe40d7f21eece9cf65", [tag: "hackney-0.11.2"]},
  "jsex": {:package, "2.0.0"},
  "jsx": {:package, "2.0.3"},
  "merl": {:git, "git://github.com/erlydtl/merl.git", "28e5b3829168199e8475fa91b997e0c03b90d280", [ref: "28e5b3829168199e8475fa91b997e0c03b90d280"]},
  "plug": {:package, "0.4.3"},
  "plugs": {:git, "git://github.com/sugar-framework/plugs.git", "6eb8a46a29fbc6816081fc930081850bf5abdac9", []},
  "poolboy": {:package, "1.2.1"},
  "postgrex": {:package, "0.5.0"},
  "ranch": {:git, "git://github.com/extend/ranch.git", "5df1f222f94e08abdcab7084f5e13027143cc222", [ref: "0.9.0"]},
  "templates": {:git, "git://github.com/sugar-framework/templates.git", "66c5291ec16a5c92825f8963bb4c79f2deb2f759", []}}
